
Microsoft Visual Studio Solution File, Format Version 12.00
# Visual Studio Version 17
VisualStudioVersion = 17.11.35208.52
MinimumVisualStudioVersion = 10.0.40219.1
Project("{FAE04EC0-301F-11D3-BF4B-00C04F79EFBC}") = "ComputeAverageApp", "ComputeAverageApp\ComputeAverageApp.csproj", "{70E69656-8248-40D3-A4FF-AF99FA6BE5A0}"
EndProject
Global
	GlobalSection(SolutionConfigurationPlatforms) = preSolution
		Debug|Any CPU = Debug|Any CPU
		Release|Any CPU = Release|Any CPU
	EndGlobalSection
	GlobalSection(ProjectConfigurationPlatforms) = postSolution
		{70E69656-8248-40D3-A4FF-AF99FA6BE5A0}.Debug|Any CPU.ActiveCfg = Debug|Any CPU
		{70E69656-8248-40D3-A4FF-AF99FA6BE5A0}.Debug|Any CPU.Build.0 = Debug|Any CPU
		{70E69656-8248-40D3-A4FF-AF99FA6BE5A0}.Release|Any CPU.ActiveCfg = Release|Any CPU
		{70E69656-8248-40D3-A4FF-AF99FA6BE5A0}.Release|Any CPU.Build.0 = Release|Any CPU
	EndGlobalSection
	GlobalSection(SolutionProperties) = preSolution
		HideSolutionNode = FALSE
	EndGlobalSection
	GlobalSection(ExtensibilityGlobals) = postSolution
		SolutionGuid = {DA070151-663C-4366-B935-A7B6CCEC7BBF}
	EndGlobalSection
EndGlobal
