
Microsoft Visual Studio Solution File, Format Version 12.00
# Visual Studio Version 17
VisualStudioVersion = 17.11.35208.52
MinimumVisualStudioVersion = 10.0.40219.1
Project("{FAE04EC0-301F-11D3-BF4B-00C04F79EFBC}") = "DataTypesApp", "DataTypesApp\DataTypesApp.csproj", "{9AC8BE20-D57C-4745-A03D-A5C506551608}"
EndProject
Global
	GlobalSection(SolutionConfigurationPlatforms) = preSolution
		Debug|Any CPU = Debug|Any CPU
		Release|Any CPU = Release|Any CPU
	EndGlobalSection
	GlobalSection(ProjectConfigurationPlatforms) = postSolution
		{9AC8BE20-D57C-4745-A03D-A5C506551608}.Debug|Any CPU.ActiveCfg = Debug|Any CPU
		{9AC8BE20-D57C-4745-A03D-A5C506551608}.Debug|Any CPU.Build.0 = Debug|Any CPU
		{9AC8BE20-D57C-4745-A03D-A5C506551608}.Release|Any CPU.ActiveCfg = Release|Any CPU
		{9AC8BE20-D57C-4745-A03D-A5C506551608}.Release|Any CPU.Build.0 = Release|Any CPU
	EndGlobalSection
	GlobalSection(SolutionProperties) = preSolution
		HideSolutionNode = FALSE
	EndGlobalSection
	GlobalSection(ExtensibilityGlobals) = postSolution
		SolutionGuid = {B27835F0-0971-4091-BA5B-4DA2C4064EE0}
	EndGlobalSection
EndGlobal
